
Microsoft Visual Studio Solution File, Format Version 12.00
# Visual Studio Version 16
VisualStudioVersion = 16.0.30804.86
MinimumVisualStudioVersion = 10.0.40219.1
Project("{8BC9CEB8-8B4A-11D0-8D11-00A0C91BC942}") = "DSA1_Project", "DSA1_Project.vcxproj", "{C76D1B8D-B7F5-467D-A17E-76EF5BBCE87B}"
EndProject
Project("{8BC9CEB8-8B4A-11D0-8D11-00A0C91BC942}") = "DLL_test", "..\DLL_test\DLL_test.vcxproj", "{A92F4CA8-FEED-4D46-81E7-466201436F43}"
EndProject
Global
	GlobalSection(SolutionConfigurationPlatforms) = preSolution
		Debug|x64 = Debug|x64
		Debug|x86 = Debug|x86
		Release|x64 = Release|x64
		Release|x86 = Release|x86
	EndGlobalSection
	GlobalSection(ProjectConfigurationPlatforms) = postSolution
		{C76D1B8D-B7F5-467D-A17E-76EF5BBCE87B}.Debug|x64.ActiveCfg = Debug|x64
		{C76D1B8D-B7F5-467D-A17E-76EF5BBCE87B}.Debug|x64.Build.0 = Debug|x64
		{C76D1B8D-B7F5-467D-A17E-76EF5BBCE87B}.Debug|x86.ActiveCfg = Debug|Win32
		{C76D1B8D-B7F5-467D-A17E-76EF5BBCE87B}.Debug|x86.Build.0 = Debug|Win32
		{C76D1B8D-B7F5-467D-A17E-76EF5BBCE87B}.Release|x64.ActiveCfg = Release|x64
		{C76D1B8D-B7F5-467D-A17E-76EF5BBCE87B}.Release|x64.Build.0 = Release|x64
		{C76D1B8D-B7F5-467D-A17E-76EF5BBCE87B}.Release|x86.ActiveCfg = Release|Win32
		{C76D1B8D-B7F5-467D-A17E-76EF5BBCE87B}.Release|x86.Build.0 = Release|Win32
		{A92F4CA8-FEED-4D46-81E7-466201436F43}.Debug|x64.ActiveCfg = Debug|x64
		{A92F4CA8-FEED-4D46-81E7-466201436F43}.Debug|x64.Build.0 = Debug|x64
		{A92F4CA8-FEED-4D46-81E7-466201436F43}.Debug|x86.ActiveCfg = Debug|Win32
		{A92F4CA8-FEED-4D46-81E7-466201436F43}.Debug|x86.Build.0 = Debug|Win32
		{A92F4CA8-FEED-4D46-81E7-466201436F43}.Release|x64.ActiveCfg = Release|x64
		{A92F4CA8-FEED-4D46-81E7-466201436F43}.Release|x64.Build.0 = Release|x64
		{A92F4CA8-FEED-4D46-81E7-466201436F43}.Release|x86.ActiveCfg = Release|Win32
		{A92F4CA8-FEED-4D46-81E7-466201436F43}.Release|x86.Build.0 = Release|Win32
	EndGlobalSection
	GlobalSection(SolutionProperties) = preSolution
		HideSolutionNode = FALSE
	EndGlobalSection
	GlobalSection(ExtensibilityGlobals) = postSolution
		SolutionGuid = {C3B97EED-1C4A-4B0F-8CE7-EED3F9D8C6EB}
	EndGlobalSection
EndGlobal
